
Microsoft Visual Studio Solution File, Format Version 12.00
Project("{FAE04EC0-301F-11D3-BF4B-00C04F79EFBC}") = "Generators", "Generators\Generators.csproj", "{0D85F859-88E4-4328-A7B7-7A7136BE1491}"
EndProject
Project("{FAE04EC0-301F-11D3-BF4B-00C04F79EFBC}") = "Configuration", "Configuration\Configuration.csproj", "{E08B2A3E-500A-47F1-ADEB-7B9CA549A172}"
EndProject
Project("{FAE04EC0-301F-11D3-BF4B-00C04F79EFBC}") = "Interfaces", "Interfaces\Interfaces.csproj", "{3399E11D-CC28-4EE9-851B-1AC2242A34BB}"
EndProject
Project("{FAE04EC0-301F-11D3-BF4B-00C04F79EFBC}") = "Tests", "Tests\Tests.csproj", "{D5EC98E5-38AE-4978-8AA3-DC6CB371C7E8}"
EndProject
Project("{FAE04EC0-301F-11D3-BF4B-00C04F79EFBC}") = "Faker.Core", "Faker.Core\Faker.Core.csproj", "{5A4FD62F-22E3-4878-9275-32CACAFBB030}"
EndProject
Project("{FAE04EC0-301F-11D3-BF4B-00C04F79EFBC}") = "BoolGenerator", "BoolGenerator\BoolGenerator.csproj", "{4E1D928B-CFCF-43DD-9E5E-A711D8B33186}"
EndProject
Project("{FAE04EC0-301F-11D3-BF4B-00C04F79EFBC}") = "ByteGenerator", "ByteGenerator\ByteGenerator.csproj", "{7495E80D-D231-48E2-82AF-E63CD131E823}"
EndProject
Global
	GlobalSection(SolutionConfigurationPlatforms) = preSolution
		Debug|Any CPU = Debug|Any CPU
		Release|Any CPU = Release|Any CPU
	EndGlobalSection
	GlobalSection(ProjectConfigurationPlatforms) = postSolution
		{0D85F859-88E4-4328-A7B7-7A7136BE1491}.Debug|Any CPU.ActiveCfg = Debug|Any CPU
		{0D85F859-88E4-4328-A7B7-7A7136BE1491}.Debug|Any CPU.Build.0 = Debug|Any CPU
		{0D85F859-88E4-4328-A7B7-7A7136BE1491}.Release|Any CPU.ActiveCfg = Release|Any CPU
		{0D85F859-88E4-4328-A7B7-7A7136BE1491}.Release|Any CPU.Build.0 = Release|Any CPU
		{E08B2A3E-500A-47F1-ADEB-7B9CA549A172}.Debug|Any CPU.ActiveCfg = Debug|Any CPU
		{E08B2A3E-500A-47F1-ADEB-7B9CA549A172}.Debug|Any CPU.Build.0 = Debug|Any CPU
		{E08B2A3E-500A-47F1-ADEB-7B9CA549A172}.Release|Any CPU.ActiveCfg = Release|Any CPU
		{E08B2A3E-500A-47F1-ADEB-7B9CA549A172}.Release|Any CPU.Build.0 = Release|Any CPU
		{3399E11D-CC28-4EE9-851B-1AC2242A34BB}.Debug|Any CPU.ActiveCfg = Debug|Any CPU
		{3399E11D-CC28-4EE9-851B-1AC2242A34BB}.Debug|Any CPU.Build.0 = Debug|Any CPU
		{3399E11D-CC28-4EE9-851B-1AC2242A34BB}.Release|Any CPU.ActiveCfg = Release|Any CPU
		{3399E11D-CC28-4EE9-851B-1AC2242A34BB}.Release|Any CPU.Build.0 = Release|Any CPU
		{D5EC98E5-38AE-4978-8AA3-DC6CB371C7E8}.Debug|Any CPU.ActiveCfg = Debug|Any CPU
		{D5EC98E5-38AE-4978-8AA3-DC6CB371C7E8}.Debug|Any CPU.Build.0 = Debug|Any CPU
		{D5EC98E5-38AE-4978-8AA3-DC6CB371C7E8}.Release|Any CPU.ActiveCfg = Release|Any CPU
		{D5EC98E5-38AE-4978-8AA3-DC6CB371C7E8}.Release|Any CPU.Build.0 = Release|Any CPU
		{5A4FD62F-22E3-4878-9275-32CACAFBB030}.Debug|Any CPU.ActiveCfg = Debug|Any CPU
		{5A4FD62F-22E3-4878-9275-32CACAFBB030}.Debug|Any CPU.Build.0 = Debug|Any CPU
		{5A4FD62F-22E3-4878-9275-32CACAFBB030}.Release|Any CPU.ActiveCfg = Release|Any CPU
		{5A4FD62F-22E3-4878-9275-32CACAFBB030}.Release|Any CPU.Build.0 = Release|Any CPU
		{4E1D928B-CFCF-43DD-9E5E-A711D8B33186}.Debug|Any CPU.ActiveCfg = Debug|Any CPU
		{4E1D928B-CFCF-43DD-9E5E-A711D8B33186}.Debug|Any CPU.Build.0 = Debug|Any CPU
		{4E1D928B-CFCF-43DD-9E5E-A711D8B33186}.Release|Any CPU.ActiveCfg = Release|Any CPU
		{4E1D928B-CFCF-43DD-9E5E-A711D8B33186}.Release|Any CPU.Build.0 = Release|Any CPU
		{7495E80D-D231-48E2-82AF-E63CD131E823}.Debug|Any CPU.ActiveCfg = Debug|Any CPU
		{7495E80D-D231-48E2-82AF-E63CD131E823}.Debug|Any CPU.Build.0 = Debug|Any CPU
		{7495E80D-D231-48E2-82AF-E63CD131E823}.Release|Any CPU.ActiveCfg = Release|Any CPU
		{7495E80D-D231-48E2-82AF-E63CD131E823}.Release|Any CPU.Build.0 = Release|Any CPU
	EndGlobalSection
	GlobalSection(NestedProjects) = preSolution
	EndGlobalSection
EndGlobal
